
Microsoft Visual Studio Solution File, Format Version 12.00
# Visual Studio Version 17
VisualStudioVersion = 17.7.34202.233
MinimumVisualStudioVersion = 10.0.40219.1
Project("{FAE04EC0-301F-11D3-BF4B-00C04F79EFBC}") = "Console-Project1", "Console-Project1\Console-Project1.csproj", "{FCE9C7C9-25ED-416E-9B64-E4318C23E413}"
EndProject
Global
	GlobalSection(SolutionConfigurationPlatforms) = preSolution
		Debug|Any CPU = Debug|Any CPU
		Release|Any CPU = Release|Any CPU
	EndGlobalSection
	GlobalSection(ProjectConfigurationPlatforms) = postSolution
		{FCE9C7C9-25ED-416E-9B64-E4318C23E413}.Debug|Any CPU.ActiveCfg = Debug|Any CPU
		{FCE9C7C9-25ED-416E-9B64-E4318C23E413}.Debug|Any CPU.Build.0 = Debug|Any CPU
		{FCE9C7C9-25ED-416E-9B64-E4318C23E413}.Release|Any CPU.ActiveCfg = Release|Any CPU
		{FCE9C7C9-25ED-416E-9B64-E4318C23E413}.Release|Any CPU.Build.0 = Release|Any CPU
	EndGlobalSection
	GlobalSection(SolutionProperties) = preSolution
		HideSolutionNode = FALSE
	EndGlobalSection
	GlobalSection(ExtensibilityGlobals) = postSolution
		SolutionGuid = {C4DCF130-C4D1-49F1-836A-EF64610C97BF}
	EndGlobalSection
EndGlobal
